
Microsoft Visual Studio Solution File, Format Version 12.00
# Visual Studio Version 17
VisualStudioVersion = 17.7.34221.43
MinimumVisualStudioVersion = 10.0.40219.1
Project("{FAE04EC0-301F-11D3-BF4B-00C04F79EFBC}") = "testGit", "testGit.csproj", "{F58FF881-2778-4EA6-8787-9098A1AE8864}"
EndProject
Global
	GlobalSection(SolutionConfigurationPlatforms) = preSolution
		Debug|Any CPU = Debug|Any CPU
		Release|Any CPU = Release|Any CPU
	EndGlobalSection
	GlobalSection(ProjectConfigurationPlatforms) = postSolution
		{F58FF881-2778-4EA6-8787-9098A1AE8864}.Debug|Any CPU.ActiveCfg = Debug|Any CPU
		{F58FF881-2778-4EA6-8787-9098A1AE8864}.Debug|Any CPU.Build.0 = Debug|Any CPU
		{F58FF881-2778-4EA6-8787-9098A1AE8864}.Release|Any CPU.ActiveCfg = Release|Any CPU
		{F58FF881-2778-4EA6-8787-9098A1AE8864}.Release|Any CPU.Build.0 = Release|Any CPU
	EndGlobalSection
	GlobalSection(SolutionProperties) = preSolution
		HideSolutionNode = FALSE
	EndGlobalSection
	GlobalSection(ExtensibilityGlobals) = postSolution
		SolutionGuid = {930AE250-9648-464B-8339-48569B063386}
	EndGlobalSection
EndGlobal
